
Microsoft Visual Studio Solution File, Format Version 12.00
# Visual Studio Version 17
VisualStudioVersion = 17.10.35013.160
MinimumVisualStudioVersion = 10.0.40219.1
Project("{FAE04EC0-301F-11D3-BF4B-00C04F79EFBC}") = "API_Projeto_Integrador", "API_Projeto_Integrador\API_Projeto_Integrador.csproj", "{74EA2F9F-FC8E-42BD-89C3-D77FD86D9B01}"
EndProject
Global
	GlobalSection(SolutionConfigurationPlatforms) = preSolution
		Debug|Any CPU = Debug|Any CPU
		Release|Any CPU = Release|Any CPU
	EndGlobalSection
	GlobalSection(ProjectConfigurationPlatforms) = postSolution
		{74EA2F9F-FC8E-42BD-89C3-D77FD86D9B01}.Debug|Any CPU.ActiveCfg = Debug|Any CPU
		{74EA2F9F-FC8E-42BD-89C3-D77FD86D9B01}.Debug|Any CPU.Build.0 = Debug|Any CPU
		{74EA2F9F-FC8E-42BD-89C3-D77FD86D9B01}.Release|Any CPU.ActiveCfg = Release|Any CPU
		{74EA2F9F-FC8E-42BD-89C3-D77FD86D9B01}.Release|Any CPU.Build.0 = Release|Any CPU
	EndGlobalSection
	GlobalSection(SolutionProperties) = preSolution
		HideSolutionNode = FALSE
	EndGlobalSection
	GlobalSection(ExtensibilityGlobals) = postSolution
		SolutionGuid = {4B0366EB-EC61-4E3D-B516-D3C871937C11}
	EndGlobalSection
EndGlobal
